
Microsoft Visual Studio Solution File, Format Version 12.00
# Visual Studio Version 17
VisualStudioVersion = 17.8.34330.188
MinimumVisualStudioVersion = 10.0.40219.1
Project("{FAE04EC0-301F-11D3-BF4B-00C04F79EFBC}") = "FireStoreTut", "FireStoreTut.csproj", "{095F254B-CECD-4B3F-8C21-D14378FAF302}"
EndProject
Global
	GlobalSection(SolutionConfigurationPlatforms) = preSolution
		Debug|Any CPU = Debug|Any CPU
		Release|Any CPU = Release|Any CPU
	EndGlobalSection
	GlobalSection(ProjectConfigurationPlatforms) = postSolution
		{095F254B-CECD-4B3F-8C21-D14378FAF302}.Debug|Any CPU.ActiveCfg = Debug|Any CPU
		{095F254B-CECD-4B3F-8C21-D14378FAF302}.Debug|Any CPU.Build.0 = Debug|Any CPU
		{095F254B-CECD-4B3F-8C21-D14378FAF302}.Release|Any CPU.ActiveCfg = Release|Any CPU
		{095F254B-CECD-4B3F-8C21-D14378FAF302}.Release|Any CPU.Build.0 = Release|Any CPU
	EndGlobalSection
	GlobalSection(SolutionProperties) = preSolution
		HideSolutionNode = FALSE
	EndGlobalSection
	GlobalSection(ExtensibilityGlobals) = postSolution
		SolutionGuid = {7F44ABEB-2413-4E9C-9052-2C53A04FA739}
	EndGlobalSection
EndGlobal
